
Microsoft Visual Studio Solution File, Format Version 12.00
# Visual Studio Version 16
VisualStudioVersion = 16.0.32106.194
MinimumVisualStudioVersion = 10.0.40219.1
Project("{FAE04EC0-301F-11D3-BF4B-00C04F79EFBC}") = "01. Birthday Celebration", "01. Birthday Celebration\01. Birthday Celebration.csproj", "{836C62B8-BE4A-4A7C-81B7-907E1719BEDE}"
EndProject
Project("{FAE04EC0-301F-11D3-BF4B-00C04F79EFBC}") = "02. The Battle of The Five Armies", "02. The Battle of The Five Armies\02. The Battle of The Five Armies.csproj", "{BDCB9B35-C4D4-4FAA-AE6F-97687A75B233}"
EndProject
Project("{9A19103F-16F7-4668-BE54-9A1E7A4F7556}") = "StreetRacing", "StreetRacing\StreetRacing.csproj", "{08A13404-C15F-4B14-8789-9F434FDFC53C}"
EndProject
Global
	GlobalSection(SolutionConfigurationPlatforms) = preSolution
		Debug|Any CPU = Debug|Any CPU
		Release|Any CPU = Release|Any CPU
	EndGlobalSection
	GlobalSection(ProjectConfigurationPlatforms) = postSolution
		{836C62B8-BE4A-4A7C-81B7-907E1719BEDE}.Debug|Any CPU.ActiveCfg = Debug|Any CPU
		{836C62B8-BE4A-4A7C-81B7-907E1719BEDE}.Debug|Any CPU.Build.0 = Debug|Any CPU
		{836C62B8-BE4A-4A7C-81B7-907E1719BEDE}.Release|Any CPU.ActiveCfg = Release|Any CPU
		{836C62B8-BE4A-4A7C-81B7-907E1719BEDE}.Release|Any CPU.Build.0 = Release|Any CPU
		{BDCB9B35-C4D4-4FAA-AE6F-97687A75B233}.Debug|Any CPU.ActiveCfg = Debug|Any CPU
		{BDCB9B35-C4D4-4FAA-AE6F-97687A75B233}.Debug|Any CPU.Build.0 = Debug|Any CPU
		{BDCB9B35-C4D4-4FAA-AE6F-97687A75B233}.Release|Any CPU.ActiveCfg = Release|Any CPU
		{BDCB9B35-C4D4-4FAA-AE6F-97687A75B233}.Release|Any CPU.Build.0 = Release|Any CPU
		{08A13404-C15F-4B14-8789-9F434FDFC53C}.Debug|Any CPU.ActiveCfg = Debug|Any CPU
		{08A13404-C15F-4B14-8789-9F434FDFC53C}.Debug|Any CPU.Build.0 = Debug|Any CPU
		{08A13404-C15F-4B14-8789-9F434FDFC53C}.Release|Any CPU.ActiveCfg = Release|Any CPU
		{08A13404-C15F-4B14-8789-9F434FDFC53C}.Release|Any CPU.Build.0 = Release|Any CPU
	EndGlobalSection
	GlobalSection(SolutionProperties) = preSolution
		HideSolutionNode = FALSE
	EndGlobalSection
	GlobalSection(ExtensibilityGlobals) = postSolution
		SolutionGuid = {D11993BF-FD0E-4797-8D36-9AE645EC8331}
	EndGlobalSection
EndGlobal
