
Microsoft Visual Studio Solution File, Format Version 12.00
# Visual Studio Version 16
VisualStudioVersion = 16.0.31624.102
MinimumVisualStudioVersion = 10.0.40219.1
Project("{9A19103F-16F7-4668-BE54-9A1E7A4F7556}") = "01 Project", "01 Project\01 Project.csproj", "{671AA09E-CA57-44E4-834B-5F45DC0330F4}"
EndProject
Project("{9A19103F-16F7-4668-BE54-9A1E7A4F7556}") = "02 Project", "02 Project\02 Project.csproj", "{F64ECFE6-D554-418B-A840-44A60BF73508}"
EndProject
Project("{9A19103F-16F7-4668-BE54-9A1E7A4F7556}") = "03 Project", "03 Project\03 Project.csproj", "{61ADC34F-3117-4020-A0C0-F24599BAE716}"
EndProject
Global
	GlobalSection(SolutionConfigurationPlatforms) = preSolution
		Debug|Any CPU = Debug|Any CPU
		Release|Any CPU = Release|Any CPU
	EndGlobalSection
	GlobalSection(ProjectConfigurationPlatforms) = postSolution
		{671AA09E-CA57-44E4-834B-5F45DC0330F4}.Debug|Any CPU.ActiveCfg = Debug|Any CPU
		{671AA09E-CA57-44E4-834B-5F45DC0330F4}.Debug|Any CPU.Build.0 = Debug|Any CPU
		{671AA09E-CA57-44E4-834B-5F45DC0330F4}.Release|Any CPU.ActiveCfg = Release|Any CPU
		{671AA09E-CA57-44E4-834B-5F45DC0330F4}.Release|Any CPU.Build.0 = Release|Any CPU
		{F64ECFE6-D554-418B-A840-44A60BF73508}.Debug|Any CPU.ActiveCfg = Debug|Any CPU
		{F64ECFE6-D554-418B-A840-44A60BF73508}.Debug|Any CPU.Build.0 = Debug|Any CPU
		{F64ECFE6-D554-418B-A840-44A60BF73508}.Release|Any CPU.ActiveCfg = Release|Any CPU
		{F64ECFE6-D554-418B-A840-44A60BF73508}.Release|Any CPU.Build.0 = Release|Any CPU
		{61ADC34F-3117-4020-A0C0-F24599BAE716}.Debug|Any CPU.ActiveCfg = Debug|Any CPU
		{61ADC34F-3117-4020-A0C0-F24599BAE716}.Debug|Any CPU.Build.0 = Debug|Any CPU
		{61ADC34F-3117-4020-A0C0-F24599BAE716}.Release|Any CPU.ActiveCfg = Release|Any CPU
		{61ADC34F-3117-4020-A0C0-F24599BAE716}.Release|Any CPU.Build.0 = Release|Any CPU
	EndGlobalSection
	GlobalSection(SolutionProperties) = preSolution
		HideSolutionNode = FALSE
	EndGlobalSection
	GlobalSection(ExtensibilityGlobals) = postSolution
		SolutionGuid = {141DFDF1-B689-475E-BA2B-E814245CD960}
	EndGlobalSection
EndGlobal
