
Microsoft Visual Studio Solution File, Format Version 12.00
# Visual Studio Version 16
VisualStudioVersion = 16.0.32106.194
MinimumVisualStudioVersion = 10.0.40219.1
Project("{9A19103F-16F7-4668-BE54-9A1E7A4F7556}") = "DefiningClasses", "DefiningClasses.csproj", "{A781E094-0FDC-44D3-BBA1-B9A51223A026}"
EndProject
Project("{FAE04EC0-301F-11D3-BF4B-00C04F79EFBC}") = "05. Date Modifier", "..\05. Date Modifier\05. Date Modifier.csproj", "{6066DBF2-DD80-4143-82F5-BC90F61AAEF0}"
EndProject
Project("{FAE04EC0-301F-11D3-BF4B-00C04F79EFBC}") = "06. Speed Racing", "..\06. Speed Racing\06. Speed Racing.csproj", "{8E50C5A4-8592-4B0C-A857-CF8EB9D12626}"
EndProject
Project("{9A19103F-16F7-4668-BE54-9A1E7A4F7556}") = "07. RawData", "..\07. RawData\07. RawData.csproj", "{880E32D1-7E5C-4482-AF23-90B470A32FB5}"
EndProject
Project("{FAE04EC0-301F-11D3-BF4B-00C04F79EFBC}") = "CarSalesman", "..\CarSalesman\CarSalesman.csproj", "{FBFFE9F2-D394-4A6E-A529-46ACD15761AD}"
EndProject
Project("{FAE04EC0-301F-11D3-BF4B-00C04F79EFBC}") = "PokemonTrainer", "..\PokemonTrainer\PokemonTrainer.csproj", "{56B10175-9220-4E02-BB20-828C53E3C789}"
EndProject
Project("{9A19103F-16F7-4668-BE54-9A1E7A4F7556}") = "SoftUniParking", "SoftUniParking.csproj", "{3187B369-5FC4-445D-AD63-819C5A69F184}"
EndProject
Project("{FAE04EC0-301F-11D3-BF4B-00C04F79EFBC}") = "Pass", "..\..\..\..\My stuff\Pass\Pass.csproj", "{7EE9AB5E-7A40-42D1-8D08-7ED6174BE552}"
EndProject
Global
	GlobalSection(SolutionConfigurationPlatforms) = preSolution
		Debug|Any CPU = Debug|Any CPU
		Release|Any CPU = Release|Any CPU
	EndGlobalSection
	GlobalSection(ProjectConfigurationPlatforms) = postSolution
		{A781E094-0FDC-44D3-BBA1-B9A51223A026}.Debug|Any CPU.ActiveCfg = Debug|Any CPU
		{A781E094-0FDC-44D3-BBA1-B9A51223A026}.Debug|Any CPU.Build.0 = Debug|Any CPU
		{A781E094-0FDC-44D3-BBA1-B9A51223A026}.Release|Any CPU.ActiveCfg = Release|Any CPU
		{A781E094-0FDC-44D3-BBA1-B9A51223A026}.Release|Any CPU.Build.0 = Release|Any CPU
		{6066DBF2-DD80-4143-82F5-BC90F61AAEF0}.Debug|Any CPU.ActiveCfg = Debug|Any CPU
		{6066DBF2-DD80-4143-82F5-BC90F61AAEF0}.Debug|Any CPU.Build.0 = Debug|Any CPU
		{6066DBF2-DD80-4143-82F5-BC90F61AAEF0}.Release|Any CPU.ActiveCfg = Release|Any CPU
		{6066DBF2-DD80-4143-82F5-BC90F61AAEF0}.Release|Any CPU.Build.0 = Release|Any CPU
		{8E50C5A4-8592-4B0C-A857-CF8EB9D12626}.Debug|Any CPU.ActiveCfg = Debug|Any CPU
		{8E50C5A4-8592-4B0C-A857-CF8EB9D12626}.Debug|Any CPU.Build.0 = Debug|Any CPU
		{8E50C5A4-8592-4B0C-A857-CF8EB9D12626}.Release|Any CPU.ActiveCfg = Release|Any CPU
		{8E50C5A4-8592-4B0C-A857-CF8EB9D12626}.Release|Any CPU.Build.0 = Release|Any CPU
		{880E32D1-7E5C-4482-AF23-90B470A32FB5}.Debug|Any CPU.ActiveCfg = Debug|Any CPU
		{880E32D1-7E5C-4482-AF23-90B470A32FB5}.Debug|Any CPU.Build.0 = Debug|Any CPU
		{880E32D1-7E5C-4482-AF23-90B470A32FB5}.Release|Any CPU.ActiveCfg = Release|Any CPU
		{880E32D1-7E5C-4482-AF23-90B470A32FB5}.Release|Any CPU.Build.0 = Release|Any CPU
		{FBFFE9F2-D394-4A6E-A529-46ACD15761AD}.Debug|Any CPU.ActiveCfg = Debug|Any CPU
		{FBFFE9F2-D394-4A6E-A529-46ACD15761AD}.Debug|Any CPU.Build.0 = Debug|Any CPU
		{FBFFE9F2-D394-4A6E-A529-46ACD15761AD}.Release|Any CPU.ActiveCfg = Release|Any CPU
		{FBFFE9F2-D394-4A6E-A529-46ACD15761AD}.Release|Any CPU.Build.0 = Release|Any CPU
		{56B10175-9220-4E02-BB20-828C53E3C789}.Debug|Any CPU.ActiveCfg = Debug|Any CPU
		{56B10175-9220-4E02-BB20-828C53E3C789}.Debug|Any CPU.Build.0 = Debug|Any CPU
		{56B10175-9220-4E02-BB20-828C53E3C789}.Release|Any CPU.ActiveCfg = Release|Any CPU
		{56B10175-9220-4E02-BB20-828C53E3C789}.Release|Any CPU.Build.0 = Release|Any CPU
		{3187B369-5FC4-445D-AD63-819C5A69F184}.Debug|Any CPU.ActiveCfg = Debug|Any CPU
		{3187B369-5FC4-445D-AD63-819C5A69F184}.Debug|Any CPU.Build.0 = Debug|Any CPU
		{3187B369-5FC4-445D-AD63-819C5A69F184}.Release|Any CPU.ActiveCfg = Release|Any CPU
		{3187B369-5FC4-445D-AD63-819C5A69F184}.Release|Any CPU.Build.0 = Release|Any CPU
		{7EE9AB5E-7A40-42D1-8D08-7ED6174BE552}.Debug|Any CPU.ActiveCfg = Debug|Any CPU
		{7EE9AB5E-7A40-42D1-8D08-7ED6174BE552}.Debug|Any CPU.Build.0 = Debug|Any CPU
		{7EE9AB5E-7A40-42D1-8D08-7ED6174BE552}.Release|Any CPU.ActiveCfg = Release|Any CPU
		{7EE9AB5E-7A40-42D1-8D08-7ED6174BE552}.Release|Any CPU.Build.0 = Release|Any CPU
	EndGlobalSection
	GlobalSection(SolutionProperties) = preSolution
		HideSolutionNode = FALSE
	EndGlobalSection
	GlobalSection(ExtensibilityGlobals) = postSolution
		SolutionGuid = {160EB47A-E7C4-49FE-9C59-CB31A1571DEA}
	EndGlobalSection
EndGlobal
