
Microsoft Visual Studio Solution File, Format Version 12.00
# Visual Studio Version 16
VisualStudioVersion = 16.0.32228.343
MinimumVisualStudioVersion = 10.0.40219.1
Project("{FAE04EC0-301F-11D3-BF4B-00C04F79EFBC}") = "Logger", "Logger\Logger.csproj", "{D20D7520-5BFE-47BD-9BEB-76F3D3F3952E}"
EndProject
Global
	GlobalSection(SolutionConfigurationPlatforms) = preSolution
		Debug|Any CPU = Debug|Any CPU
		Release|Any CPU = Release|Any CPU
	EndGlobalSection
	GlobalSection(ProjectConfigurationPlatforms) = postSolution
		{D20D7520-5BFE-47BD-9BEB-76F3D3F3952E}.Debug|Any CPU.ActiveCfg = Debug|Any CPU
		{D20D7520-5BFE-47BD-9BEB-76F3D3F3952E}.Debug|Any CPU.Build.0 = Debug|Any CPU
		{D20D7520-5BFE-47BD-9BEB-76F3D3F3952E}.Release|Any CPU.ActiveCfg = Release|Any CPU
		{D20D7520-5BFE-47BD-9BEB-76F3D3F3952E}.Release|Any CPU.Build.0 = Release|Any CPU
	EndGlobalSection
	GlobalSection(SolutionProperties) = preSolution
		HideSolutionNode = FALSE
	EndGlobalSection
	GlobalSection(ExtensibilityGlobals) = postSolution
		SolutionGuid = {66CA456A-B6F0-41F1-B28A-C656D2F5F427}
	EndGlobalSection
EndGlobal
