
Microsoft Visual Studio Solution File, Format Version 12.00
# Visual Studio Version 17
VisualStudioVersion = 17.2.32630.192
MinimumVisualStudioVersion = 10.0.40219.1
Project("{FAE04EC0-301F-11D3-BF4B-00C04F79EFBC}") = "WoodMasters.Web", "WoodMasters.Web\WoodMasters.Web.csproj", "{31770A4D-1594-49A6-B2AD-7AB4223F1248}"
EndProject
Project("{FAE04EC0-301F-11D3-BF4B-00C04F79EFBC}") = "WM.Data", "WM.Data\WM.Data.csproj", "{CE6384D5-5DBE-4A96-BAA7-63358A5CC315}"
EndProject
Project("{FAE04EC0-301F-11D3-BF4B-00C04F79EFBC}") = "WM.Models", "WM.Models\WM.Models.csproj", "{789A35CC-51FD-481A-9B24-E291C1F7A17E}"
EndProject
Project("{FAE04EC0-301F-11D3-BF4B-00C04F79EFBC}") = "WM.Services", "WM.Services\WM.Services.csproj", "{16661B46-27B9-4DED-BC21-0852FFDF453F}"
EndProject
Project("{FAE04EC0-301F-11D3-BF4B-00C04F79EFBC}") = "WM.ConsoleUI", "WM.ConsoleUI\WM.ConsoleUI.csproj", "{372460BA-66AE-43CA-AF90-946F7DFE87C3}"
EndProject
Global
	GlobalSection(SolutionConfigurationPlatforms) = preSolution
		Debug|Any CPU = Debug|Any CPU
		Release|Any CPU = Release|Any CPU
	EndGlobalSection
	GlobalSection(ProjectConfigurationPlatforms) = postSolution
		{31770A4D-1594-49A6-B2AD-7AB4223F1248}.Debug|Any CPU.ActiveCfg = Debug|Any CPU
		{31770A4D-1594-49A6-B2AD-7AB4223F1248}.Debug|Any CPU.Build.0 = Debug|Any CPU
		{31770A4D-1594-49A6-B2AD-7AB4223F1248}.Release|Any CPU.ActiveCfg = Release|Any CPU
		{31770A4D-1594-49A6-B2AD-7AB4223F1248}.Release|Any CPU.Build.0 = Release|Any CPU
		{CE6384D5-5DBE-4A96-BAA7-63358A5CC315}.Debug|Any CPU.ActiveCfg = Debug|Any CPU
		{CE6384D5-5DBE-4A96-BAA7-63358A5CC315}.Debug|Any CPU.Build.0 = Debug|Any CPU
		{CE6384D5-5DBE-4A96-BAA7-63358A5CC315}.Release|Any CPU.ActiveCfg = Release|Any CPU
		{CE6384D5-5DBE-4A96-BAA7-63358A5CC315}.Release|Any CPU.Build.0 = Release|Any CPU
		{789A35CC-51FD-481A-9B24-E291C1F7A17E}.Debug|Any CPU.ActiveCfg = Debug|Any CPU
		{789A35CC-51FD-481A-9B24-E291C1F7A17E}.Debug|Any CPU.Build.0 = Debug|Any CPU
		{789A35CC-51FD-481A-9B24-E291C1F7A17E}.Release|Any CPU.ActiveCfg = Release|Any CPU
		{789A35CC-51FD-481A-9B24-E291C1F7A17E}.Release|Any CPU.Build.0 = Release|Any CPU
		{16661B46-27B9-4DED-BC21-0852FFDF453F}.Debug|Any CPU.ActiveCfg = Debug|Any CPU
		{16661B46-27B9-4DED-BC21-0852FFDF453F}.Debug|Any CPU.Build.0 = Debug|Any CPU
		{16661B46-27B9-4DED-BC21-0852FFDF453F}.Release|Any CPU.ActiveCfg = Release|Any CPU
		{16661B46-27B9-4DED-BC21-0852FFDF453F}.Release|Any CPU.Build.0 = Release|Any CPU
		{372460BA-66AE-43CA-AF90-946F7DFE87C3}.Debug|Any CPU.ActiveCfg = Debug|Any CPU
		{372460BA-66AE-43CA-AF90-946F7DFE87C3}.Debug|Any CPU.Build.0 = Debug|Any CPU
		{372460BA-66AE-43CA-AF90-946F7DFE87C3}.Release|Any CPU.ActiveCfg = Release|Any CPU
		{372460BA-66AE-43CA-AF90-946F7DFE87C3}.Release|Any CPU.Build.0 = Release|Any CPU
	EndGlobalSection
	GlobalSection(SolutionProperties) = preSolution
		HideSolutionNode = FALSE
	EndGlobalSection
	GlobalSection(ExtensibilityGlobals) = postSolution
		SolutionGuid = {AFDD1E09-EBB5-48FB-BD04-378E0BC3741F}
	EndGlobalSection
EndGlobal
