
Microsoft Visual Studio Solution File, Format Version 12.00
# Visual Studio Version 16
VisualStudioVersion = 16.0.32228.343
MinimumVisualStudioVersion = 10.0.40219.1
Project("{9A19103F-16F7-4668-BE54-9A1E7A4F7556}") = "T01FakeAxeAndDummy", "FakeAxeAndDummy\T01FakeAxeAndDummy.csproj", "{16245F91-6D08-4F04-988F-432AC48F67B5}"
EndProject
Project("{9A19103F-16F7-4668-BE54-9A1E7A4F7556}") = "T01FakeAxeAndDummy.Test", "19. Mocking and TDD\T01FakeAxeAndDummy.Test.csproj", "{0E9F5E4E-7223-4446-949D-860DB8BCF9FC}"
EndProject
Global
	GlobalSection(SolutionConfigurationPlatforms) = preSolution
		Debug|Any CPU = Debug|Any CPU
		Release|Any CPU = Release|Any CPU
	EndGlobalSection
	GlobalSection(ProjectConfigurationPlatforms) = postSolution
		{16245F91-6D08-4F04-988F-432AC48F67B5}.Debug|Any CPU.ActiveCfg = Debug|Any CPU
		{16245F91-6D08-4F04-988F-432AC48F67B5}.Debug|Any CPU.Build.0 = Debug|Any CPU
		{16245F91-6D08-4F04-988F-432AC48F67B5}.Release|Any CPU.ActiveCfg = Release|Any CPU
		{16245F91-6D08-4F04-988F-432AC48F67B5}.Release|Any CPU.Build.0 = Release|Any CPU
		{0E9F5E4E-7223-4446-949D-860DB8BCF9FC}.Debug|Any CPU.ActiveCfg = Debug|Any CPU
		{0E9F5E4E-7223-4446-949D-860DB8BCF9FC}.Debug|Any CPU.Build.0 = Debug|Any CPU
		{0E9F5E4E-7223-4446-949D-860DB8BCF9FC}.Release|Any CPU.ActiveCfg = Release|Any CPU
		{0E9F5E4E-7223-4446-949D-860DB8BCF9FC}.Release|Any CPU.Build.0 = Release|Any CPU
	EndGlobalSection
	GlobalSection(SolutionProperties) = preSolution
		HideSolutionNode = FALSE
	EndGlobalSection
	GlobalSection(ExtensibilityGlobals) = postSolution
		SolutionGuid = {B886A091-E84B-426D-B664-B629609D3DCA}
	EndGlobalSection
EndGlobal
