
Microsoft Visual Studio Solution File, Format Version 12.00
# Visual Studio Version 16
VisualStudioVersion = 16.0.32228.343
MinimumVisualStudioVersion = 10.0.40219.1
Project("{9A19103F-16F7-4668-BE54-9A1E7A4F7556}") = "SimpleSnake", "24. Workshop -Snake\SimpleSnake\SimpleSnake.csproj", "{4EBD0D30-F33E-4EB6-94F5-6BDAC31517BB}"
EndProject
Global
	GlobalSection(SolutionConfigurationPlatforms) = preSolution
		Debug|Any CPU = Debug|Any CPU
		Debug|x64 = Debug|x64
		Release|Any CPU = Release|Any CPU
		Release|x64 = Release|x64
		x64|Any CPU = x64|Any CPU
		x64|x64 = x64|x64
	EndGlobalSection
	GlobalSection(ProjectConfigurationPlatforms) = postSolution
		{4EBD0D30-F33E-4EB6-94F5-6BDAC31517BB}.Debug|Any CPU.ActiveCfg = Debug|Any CPU
		{4EBD0D30-F33E-4EB6-94F5-6BDAC31517BB}.Debug|Any CPU.Build.0 = Debug|Any CPU
		{4EBD0D30-F33E-4EB6-94F5-6BDAC31517BB}.Debug|x64.ActiveCfg = Debug|x64
		{4EBD0D30-F33E-4EB6-94F5-6BDAC31517BB}.Debug|x64.Build.0 = Debug|x64
		{4EBD0D30-F33E-4EB6-94F5-6BDAC31517BB}.Release|Any CPU.ActiveCfg = Release|Any CPU
		{4EBD0D30-F33E-4EB6-94F5-6BDAC31517BB}.Release|Any CPU.Build.0 = Release|Any CPU
		{4EBD0D30-F33E-4EB6-94F5-6BDAC31517BB}.Release|x64.ActiveCfg = Release|x64
		{4EBD0D30-F33E-4EB6-94F5-6BDAC31517BB}.Release|x64.Build.0 = Release|x64
		{4EBD0D30-F33E-4EB6-94F5-6BDAC31517BB}.x64|Any CPU.ActiveCfg = x64|Any CPU
		{4EBD0D30-F33E-4EB6-94F5-6BDAC31517BB}.x64|Any CPU.Build.0 = x64|Any CPU
		{4EBD0D30-F33E-4EB6-94F5-6BDAC31517BB}.x64|x64.ActiveCfg = x64|x64
		{4EBD0D30-F33E-4EB6-94F5-6BDAC31517BB}.x64|x64.Build.0 = x64|x64
	EndGlobalSection
	GlobalSection(SolutionProperties) = preSolution
		HideSolutionNode = FALSE
	EndGlobalSection
	GlobalSection(ExtensibilityGlobals) = postSolution
		SolutionGuid = {8ACBC887-9847-4606-A838-82A769105E5C}
	EndGlobalSection
EndGlobal
