
Microsoft Visual Studio Solution File, Format Version 12.00
# Visual Studio Version 17
VisualStudioVersion = 17.2.32630.192
MinimumVisualStudioVersion = 10.0.40219.1
Project("{FAE04EC0-301F-11D3-BF4B-00C04F79EFBC}") = "TextSplitterApp", "TextSplitterApp\TextSplitterApp.csproj", "{DA351B00-63AD-482C-8F60-D9FDC1603BA6}"
EndProject
Global
	GlobalSection(SolutionConfigurationPlatforms) = preSolution
		Debug|Any CPU = Debug|Any CPU
		Release|Any CPU = Release|Any CPU
	EndGlobalSection
	GlobalSection(ProjectConfigurationPlatforms) = postSolution
		{DA351B00-63AD-482C-8F60-D9FDC1603BA6}.Debug|Any CPU.ActiveCfg = Debug|Any CPU
		{DA351B00-63AD-482C-8F60-D9FDC1603BA6}.Debug|Any CPU.Build.0 = Debug|Any CPU
		{DA351B00-63AD-482C-8F60-D9FDC1603BA6}.Release|Any CPU.ActiveCfg = Release|Any CPU
		{DA351B00-63AD-482C-8F60-D9FDC1603BA6}.Release|Any CPU.Build.0 = Release|Any CPU
	EndGlobalSection
	GlobalSection(SolutionProperties) = preSolution
		HideSolutionNode = FALSE
	EndGlobalSection
	GlobalSection(ExtensibilityGlobals) = postSolution
		SolutionGuid = {D7B8F47A-EA48-4714-AD21-1663DD6B2058}
	EndGlobalSection
EndGlobal
