
Microsoft Visual Studio Solution File, Format Version 12.00
# Visual Studio Version 16
VisualStudioVersion = 16.0.32126.315
MinimumVisualStudioVersion = 10.0.40219.1
Project("{FAE04EC0-301F-11D3-BF4B-00C04F79EFBC}") = "ClassBoxData", "ClassBoxData\ClassBoxData.csproj", "{7FE67EBD-5355-40E7-89A5-8A69C47DE808}"
EndProject
Project("{9A19103F-16F7-4668-BE54-9A1E7A4F7556}") = "AnimalFarm", "AnimalFarm\AnimalFarm\AnimalFarm.csproj", "{E15FEBBE-5382-4659-956B-0886ADDE7C0E}"
EndProject
Project("{FAE04EC0-301F-11D3-BF4B-00C04F79EFBC}") = "ShoppingSpree", "ShoppingSpree\ShoppingSpree.csproj", "{354CE701-C8F1-41B0-BF66-C16F5C03C33F}"
EndProject
Project("{FAE04EC0-301F-11D3-BF4B-00C04F79EFBC}") = "PizzaCalories", "PizzaCalories\PizzaCalories.csproj", "{A35204A9-C439-4C79-9AAA-8F5858F9F8F8}"
EndProject
Project("{FAE04EC0-301F-11D3-BF4B-00C04F79EFBC}") = "FootballTeamGenerator", "FootballTeamGenerator\FootballTeamGenerator.csproj", "{1643FB8F-B71B-4F51-B3AC-DB672E64F0CE}"
EndProject
Global
	GlobalSection(SolutionConfigurationPlatforms) = preSolution
		Debug|Any CPU = Debug|Any CPU
		Release|Any CPU = Release|Any CPU
	EndGlobalSection
	GlobalSection(ProjectConfigurationPlatforms) = postSolution
		{7FE67EBD-5355-40E7-89A5-8A69C47DE808}.Debug|Any CPU.ActiveCfg = Debug|Any CPU
		{7FE67EBD-5355-40E7-89A5-8A69C47DE808}.Debug|Any CPU.Build.0 = Debug|Any CPU
		{7FE67EBD-5355-40E7-89A5-8A69C47DE808}.Release|Any CPU.ActiveCfg = Release|Any CPU
		{7FE67EBD-5355-40E7-89A5-8A69C47DE808}.Release|Any CPU.Build.0 = Release|Any CPU
		{E15FEBBE-5382-4659-956B-0886ADDE7C0E}.Debug|Any CPU.ActiveCfg = Debug|Any CPU
		{E15FEBBE-5382-4659-956B-0886ADDE7C0E}.Debug|Any CPU.Build.0 = Debug|Any CPU
		{E15FEBBE-5382-4659-956B-0886ADDE7C0E}.Release|Any CPU.ActiveCfg = Release|Any CPU
		{E15FEBBE-5382-4659-956B-0886ADDE7C0E}.Release|Any CPU.Build.0 = Release|Any CPU
		{354CE701-C8F1-41B0-BF66-C16F5C03C33F}.Debug|Any CPU.ActiveCfg = Debug|Any CPU
		{354CE701-C8F1-41B0-BF66-C16F5C03C33F}.Debug|Any CPU.Build.0 = Debug|Any CPU
		{354CE701-C8F1-41B0-BF66-C16F5C03C33F}.Release|Any CPU.ActiveCfg = Release|Any CPU
		{354CE701-C8F1-41B0-BF66-C16F5C03C33F}.Release|Any CPU.Build.0 = Release|Any CPU
		{A35204A9-C439-4C79-9AAA-8F5858F9F8F8}.Debug|Any CPU.ActiveCfg = Debug|Any CPU
		{A35204A9-C439-4C79-9AAA-8F5858F9F8F8}.Debug|Any CPU.Build.0 = Debug|Any CPU
		{A35204A9-C439-4C79-9AAA-8F5858F9F8F8}.Release|Any CPU.ActiveCfg = Release|Any CPU
		{A35204A9-C439-4C79-9AAA-8F5858F9F8F8}.Release|Any CPU.Build.0 = Release|Any CPU
		{1643FB8F-B71B-4F51-B3AC-DB672E64F0CE}.Debug|Any CPU.ActiveCfg = Debug|Any CPU
		{1643FB8F-B71B-4F51-B3AC-DB672E64F0CE}.Debug|Any CPU.Build.0 = Debug|Any CPU
		{1643FB8F-B71B-4F51-B3AC-DB672E64F0CE}.Release|Any CPU.ActiveCfg = Release|Any CPU
		{1643FB8F-B71B-4F51-B3AC-DB672E64F0CE}.Release|Any CPU.Build.0 = Release|Any CPU
	EndGlobalSection
	GlobalSection(SolutionProperties) = preSolution
		HideSolutionNode = FALSE
	EndGlobalSection
	GlobalSection(ExtensibilityGlobals) = postSolution
		SolutionGuid = {8AAD706F-5DA4-46DB-8209-46883BEEE6CD}
	EndGlobalSection
EndGlobal
