
Microsoft Visual Studio Solution File, Format Version 12.00
# Visual Studio Version 16
VisualStudioVersion = 16.0.32106.194
MinimumVisualStudioVersion = 10.0.40219.1
Project("{FAE04EC0-301F-11D3-BF4B-00C04F79EFBC}") = "01. List Implementation", "01. List Implementation\01. List Implementation.csproj", "{7927FBF8-F774-454A-A184-04AC33EF2577}"
EndProject
Project("{FAE04EC0-301F-11D3-BF4B-00C04F79EFBC}") = "02. Stack Implementation", "02. Stack Implementation\02. Stack Implementation.csproj", "{4F2B0B08-E871-420A-957E-3B829752D90A}"
EndProject
Global
	GlobalSection(SolutionConfigurationPlatforms) = preSolution
		Debug|Any CPU = Debug|Any CPU
		Release|Any CPU = Release|Any CPU
	EndGlobalSection
	GlobalSection(ProjectConfigurationPlatforms) = postSolution
		{7927FBF8-F774-454A-A184-04AC33EF2577}.Debug|Any CPU.ActiveCfg = Debug|Any CPU
		{7927FBF8-F774-454A-A184-04AC33EF2577}.Debug|Any CPU.Build.0 = Debug|Any CPU
		{7927FBF8-F774-454A-A184-04AC33EF2577}.Release|Any CPU.ActiveCfg = Release|Any CPU
		{7927FBF8-F774-454A-A184-04AC33EF2577}.Release|Any CPU.Build.0 = Release|Any CPU
		{4F2B0B08-E871-420A-957E-3B829752D90A}.Debug|Any CPU.ActiveCfg = Debug|Any CPU
		{4F2B0B08-E871-420A-957E-3B829752D90A}.Debug|Any CPU.Build.0 = Debug|Any CPU
		{4F2B0B08-E871-420A-957E-3B829752D90A}.Release|Any CPU.ActiveCfg = Release|Any CPU
		{4F2B0B08-E871-420A-957E-3B829752D90A}.Release|Any CPU.Build.0 = Release|Any CPU
	EndGlobalSection
	GlobalSection(SolutionProperties) = preSolution
		HideSolutionNode = FALSE
	EndGlobalSection
	GlobalSection(ExtensibilityGlobals) = postSolution
		SolutionGuid = {EF21ED27-BA69-4B55-840F-2293A057EE5D}
	EndGlobalSection
EndGlobal
