
Microsoft Visual Studio Solution File, Format Version 12.00
# Visual Studio Version 16
VisualStudioVersion = 16.0.32106.194
MinimumVisualStudioVersion = 10.0.40219.1
Project("{FAE04EC0-301F-11D3-BF4B-00C04F79EFBC}") = "01. Warm Winter", "01. Warm Winter\01. Warm Winter.csproj", "{64DEB4DE-D348-4F54-AE3E-F7BFDAB1168F}"
EndProject
Project("{FAE04EC0-301F-11D3-BF4B-00C04F79EFBC}") = "02. Super Mario", "02. Super Mario\02. Super Mario.csproj", "{68194E69-DAC6-4DB3-B03C-8B84C8A894E3}"
EndProject
Project("{9A19103F-16F7-4668-BE54-9A1E7A4F7556}") = "CocktailParty", "Skeleton\CocktailParty.csproj", "{F616EA89-619C-4BB1-9305-7359BA3BF6F0}"
EndProject
Global
	GlobalSection(SolutionConfigurationPlatforms) = preSolution
		Debug|Any CPU = Debug|Any CPU
		Release|Any CPU = Release|Any CPU
	EndGlobalSection
	GlobalSection(ProjectConfigurationPlatforms) = postSolution
		{64DEB4DE-D348-4F54-AE3E-F7BFDAB1168F}.Debug|Any CPU.ActiveCfg = Debug|Any CPU
		{64DEB4DE-D348-4F54-AE3E-F7BFDAB1168F}.Debug|Any CPU.Build.0 = Debug|Any CPU
		{64DEB4DE-D348-4F54-AE3E-F7BFDAB1168F}.Release|Any CPU.ActiveCfg = Release|Any CPU
		{64DEB4DE-D348-4F54-AE3E-F7BFDAB1168F}.Release|Any CPU.Build.0 = Release|Any CPU
		{68194E69-DAC6-4DB3-B03C-8B84C8A894E3}.Debug|Any CPU.ActiveCfg = Debug|Any CPU
		{68194E69-DAC6-4DB3-B03C-8B84C8A894E3}.Debug|Any CPU.Build.0 = Debug|Any CPU
		{68194E69-DAC6-4DB3-B03C-8B84C8A894E3}.Release|Any CPU.ActiveCfg = Release|Any CPU
		{68194E69-DAC6-4DB3-B03C-8B84C8A894E3}.Release|Any CPU.Build.0 = Release|Any CPU
		{F616EA89-619C-4BB1-9305-7359BA3BF6F0}.Debug|Any CPU.ActiveCfg = Debug|Any CPU
		{F616EA89-619C-4BB1-9305-7359BA3BF6F0}.Debug|Any CPU.Build.0 = Debug|Any CPU
		{F616EA89-619C-4BB1-9305-7359BA3BF6F0}.Release|Any CPU.ActiveCfg = Release|Any CPU
		{F616EA89-619C-4BB1-9305-7359BA3BF6F0}.Release|Any CPU.Build.0 = Release|Any CPU
	EndGlobalSection
	GlobalSection(SolutionProperties) = preSolution
		HideSolutionNode = FALSE
	EndGlobalSection
	GlobalSection(ExtensibilityGlobals) = postSolution
		SolutionGuid = {667501DB-E7B1-484E-BDA7-F5CF777CCACF}
	EndGlobalSection
EndGlobal
