
Microsoft Visual Studio Solution File, Format Version 12.00
# Visual Studio Version 16
VisualStudioVersion = 16.0.31624.102
MinimumVisualStudioVersion = 10.0.40219.1
Project("{FAE04EC0-301F-11D3-BF4B-00C04F79EFBC}") = "00. Longest Palindrome Sub-List", "00. Longest Palindrome Sub-List\00. Longest Palindrome Sub-List.csproj", "{76F7DB69-2E98-409D-8306-423EE54AD830}"
EndProject
Project("{FAE04EC0-301F-11D3-BF4B-00C04F79EFBC}") = "01. Ranking", "01. Ranking\01. Ranking.csproj", "{FBD97ED4-7647-44C1-8F89-224961B47FBA}"
EndProject
Project("{FAE04EC0-301F-11D3-BF4B-00C04F79EFBC}") = "02. Judge", "02. Judge\02. Judge.csproj", "{AA900DD5-1861-4A13-A48A-FE12753C3DB4}"
EndProject
Global
	GlobalSection(SolutionConfigurationPlatforms) = preSolution
		Debug|Any CPU = Debug|Any CPU
		Release|Any CPU = Release|Any CPU
	EndGlobalSection
	GlobalSection(ProjectConfigurationPlatforms) = postSolution
		{76F7DB69-2E98-409D-8306-423EE54AD830}.Debug|Any CPU.ActiveCfg = Debug|Any CPU
		{76F7DB69-2E98-409D-8306-423EE54AD830}.Debug|Any CPU.Build.0 = Debug|Any CPU
		{76F7DB69-2E98-409D-8306-423EE54AD830}.Release|Any CPU.ActiveCfg = Release|Any CPU
		{76F7DB69-2E98-409D-8306-423EE54AD830}.Release|Any CPU.Build.0 = Release|Any CPU
		{FBD97ED4-7647-44C1-8F89-224961B47FBA}.Debug|Any CPU.ActiveCfg = Debug|Any CPU
		{FBD97ED4-7647-44C1-8F89-224961B47FBA}.Debug|Any CPU.Build.0 = Debug|Any CPU
		{FBD97ED4-7647-44C1-8F89-224961B47FBA}.Release|Any CPU.ActiveCfg = Release|Any CPU
		{FBD97ED4-7647-44C1-8F89-224961B47FBA}.Release|Any CPU.Build.0 = Release|Any CPU
		{AA900DD5-1861-4A13-A48A-FE12753C3DB4}.Debug|Any CPU.ActiveCfg = Debug|Any CPU
		{AA900DD5-1861-4A13-A48A-FE12753C3DB4}.Debug|Any CPU.Build.0 = Debug|Any CPU
		{AA900DD5-1861-4A13-A48A-FE12753C3DB4}.Release|Any CPU.ActiveCfg = Release|Any CPU
		{AA900DD5-1861-4A13-A48A-FE12753C3DB4}.Release|Any CPU.Build.0 = Release|Any CPU
	EndGlobalSection
	GlobalSection(SolutionProperties) = preSolution
		HideSolutionNode = FALSE
	EndGlobalSection
	GlobalSection(ExtensibilityGlobals) = postSolution
		SolutionGuid = {9A4D9916-55C5-4D55-A0EA-F886CAB76611}
	EndGlobalSection
EndGlobal
