
Microsoft Visual Studio Solution File, Format Version 12.00
# Visual Studio Version 16
VisualStudioVersion = 16.0.32228.343
MinimumVisualStudioVersion = 10.0.40219.1
Project("{9A19103F-16F7-4668-BE54-9A1E7A4F7556}") = "Book", "Exam 201221\BookSkeleton\Book\Book.csproj", "{66C83AD9-70FE-4B27-9417-06430C86155E}"
EndProject
Project("{9A19103F-16F7-4668-BE54-9A1E7A4F7556}") = "Book.Tests", "Exam 201221\BookSkeleton\Book.Tests\Book.Tests.csproj", "{B76B4399-4C7E-48F0-ADA5-0DB293626DCF}"
EndProject
Project("{9A19103F-16F7-4668-BE54-9A1E7A4F7556}") = "NavalVessels", "Exam 201221\NavalVessels-Skeleton\NavalVessels\NavalVessels.csproj", "{0FD48A3E-B8D2-4CC5-B8F7-F4562258BBE0}"
EndProject
Global
	GlobalSection(SolutionConfigurationPlatforms) = preSolution
		Debug|Any CPU = Debug|Any CPU
		Release|Any CPU = Release|Any CPU
	EndGlobalSection
	GlobalSection(ProjectConfigurationPlatforms) = postSolution
		{66C83AD9-70FE-4B27-9417-06430C86155E}.Debug|Any CPU.ActiveCfg = Debug|Any CPU
		{66C83AD9-70FE-4B27-9417-06430C86155E}.Debug|Any CPU.Build.0 = Debug|Any CPU
		{66C83AD9-70FE-4B27-9417-06430C86155E}.Release|Any CPU.ActiveCfg = Release|Any CPU
		{66C83AD9-70FE-4B27-9417-06430C86155E}.Release|Any CPU.Build.0 = Release|Any CPU
		{B76B4399-4C7E-48F0-ADA5-0DB293626DCF}.Debug|Any CPU.ActiveCfg = Debug|Any CPU
		{B76B4399-4C7E-48F0-ADA5-0DB293626DCF}.Debug|Any CPU.Build.0 = Debug|Any CPU
		{B76B4399-4C7E-48F0-ADA5-0DB293626DCF}.Release|Any CPU.ActiveCfg = Release|Any CPU
		{B76B4399-4C7E-48F0-ADA5-0DB293626DCF}.Release|Any CPU.Build.0 = Release|Any CPU
		{0FD48A3E-B8D2-4CC5-B8F7-F4562258BBE0}.Debug|Any CPU.ActiveCfg = Debug|Any CPU
		{0FD48A3E-B8D2-4CC5-B8F7-F4562258BBE0}.Debug|Any CPU.Build.0 = Debug|Any CPU
		{0FD48A3E-B8D2-4CC5-B8F7-F4562258BBE0}.Release|Any CPU.ActiveCfg = Release|Any CPU
		{0FD48A3E-B8D2-4CC5-B8F7-F4562258BBE0}.Release|Any CPU.Build.0 = Release|Any CPU
	EndGlobalSection
	GlobalSection(SolutionProperties) = preSolution
		HideSolutionNode = FALSE
	EndGlobalSection
	GlobalSection(ExtensibilityGlobals) = postSolution
		SolutionGuid = {E1A1C053-AF8D-4663-8089-65E6B8978533}
	EndGlobalSection
EndGlobal
