
Microsoft Visual Studio Solution File, Format Version 12.00
# Visual Studio Version 16
VisualStudioVersion = 16.0.32228.343
MinimumVisualStudioVersion = 10.0.40219.1
Project("{9A19103F-16F7-4668-BE54-9A1E7A4F7556}") = "SpaceStation", "Exam 220821\SpaceStation\SpaceStation.csproj", "{2F0A8EB6-3EF3-4DED-8D2D-9D960E6CFEB4}"
EndProject
Project("{9A19103F-16F7-4668-BE54-9A1E7A4F7556}") = "HeroRepository.Tests", "Exam 220821\HeroRepository.Tests\HeroRepository.Tests.csproj", "{45FFA4FF-99E3-4097-9066-8D6D9F50A13F}"
EndProject
Project("{9A19103F-16F7-4668-BE54-9A1E7A4F7556}") = "HeroRepository", "Exam 220821\HeroRepository\HeroRepository.csproj", "{3E5FD4BC-8984-46AD-87F9-C498059C6B09}"
EndProject
Global
	GlobalSection(SolutionConfigurationPlatforms) = preSolution
		Debug|Any CPU = Debug|Any CPU
		Release|Any CPU = Release|Any CPU
	EndGlobalSection
	GlobalSection(ProjectConfigurationPlatforms) = postSolution
		{2F0A8EB6-3EF3-4DED-8D2D-9D960E6CFEB4}.Debug|Any CPU.ActiveCfg = Debug|Any CPU
		{2F0A8EB6-3EF3-4DED-8D2D-9D960E6CFEB4}.Debug|Any CPU.Build.0 = Debug|Any CPU
		{2F0A8EB6-3EF3-4DED-8D2D-9D960E6CFEB4}.Release|Any CPU.ActiveCfg = Release|Any CPU
		{2F0A8EB6-3EF3-4DED-8D2D-9D960E6CFEB4}.Release|Any CPU.Build.0 = Release|Any CPU
		{45FFA4FF-99E3-4097-9066-8D6D9F50A13F}.Debug|Any CPU.ActiveCfg = Debug|Any CPU
		{45FFA4FF-99E3-4097-9066-8D6D9F50A13F}.Debug|Any CPU.Build.0 = Debug|Any CPU
		{45FFA4FF-99E3-4097-9066-8D6D9F50A13F}.Release|Any CPU.ActiveCfg = Release|Any CPU
		{45FFA4FF-99E3-4097-9066-8D6D9F50A13F}.Release|Any CPU.Build.0 = Release|Any CPU
		{3E5FD4BC-8984-46AD-87F9-C498059C6B09}.Debug|Any CPU.ActiveCfg = Debug|Any CPU
		{3E5FD4BC-8984-46AD-87F9-C498059C6B09}.Debug|Any CPU.Build.0 = Debug|Any CPU
		{3E5FD4BC-8984-46AD-87F9-C498059C6B09}.Release|Any CPU.ActiveCfg = Release|Any CPU
		{3E5FD4BC-8984-46AD-87F9-C498059C6B09}.Release|Any CPU.Build.0 = Release|Any CPU
	EndGlobalSection
	GlobalSection(SolutionProperties) = preSolution
		HideSolutionNode = FALSE
	EndGlobalSection
	GlobalSection(ExtensibilityGlobals) = postSolution
		SolutionGuid = {4AE1025A-55FB-4BA8-A214-51233A6C6006}
	EndGlobalSection
EndGlobal
