
Microsoft Visual Studio Solution File, Format Version 12.00
# Visual Studio Version 16
VisualStudioVersion = 16.0.31624.102
MinimumVisualStudioVersion = 10.0.40219.1
Project("{9A19103F-16F7-4668-BE54-9A1E7A4F7556}") = "05. Drum set", "01. Drum set\05. Drum set.csproj", "{778C44B1-6230-4FAE-BD05-6365123DF085}"
EndProject
Project("{9A19103F-16F7-4668-BE54-9A1E7A4F7556}") = "04. Mixed up Lists", "04. Mixed up Lists\04. Mixed up Lists.csproj", "{F98DDDDE-8326-4EF0-B4C0-4C621EFF9B10}"
EndProject
Project("{FAE04EC0-301F-11D3-BF4B-00C04F79EFBC}") = "03. Take - Skip Rope", "03. Take - Skip Rope\03. Take - Skip Rope.csproj", "{D54008A1-F1B8-4732-BE60-E7BA7E775FA5}"
EndProject
Project("{FAE04EC0-301F-11D3-BF4B-00C04F79EFBC}") = "02. Car Race", "02. Car Race\02. Car Race.csproj", "{5A2DB98B-D7D9-4885-B256-2BC1DDE8A802}"
EndProject
Project("{FAE04EC0-301F-11D3-BF4B-00C04F79EFBC}") = "01. Messaging", "01. Messaging\01. Messaging.csproj", "{DA21EE0E-C849-49A3-AFB1-46227684F0E4}"
EndProject
Global
	GlobalSection(SolutionConfigurationPlatforms) = preSolution
		Debug|Any CPU = Debug|Any CPU
		Release|Any CPU = Release|Any CPU
	EndGlobalSection
	GlobalSection(ProjectConfigurationPlatforms) = postSolution
		{778C44B1-6230-4FAE-BD05-6365123DF085}.Debug|Any CPU.ActiveCfg = Debug|Any CPU
		{778C44B1-6230-4FAE-BD05-6365123DF085}.Debug|Any CPU.Build.0 = Debug|Any CPU
		{778C44B1-6230-4FAE-BD05-6365123DF085}.Release|Any CPU.ActiveCfg = Release|Any CPU
		{778C44B1-6230-4FAE-BD05-6365123DF085}.Release|Any CPU.Build.0 = Release|Any CPU
		{F98DDDDE-8326-4EF0-B4C0-4C621EFF9B10}.Debug|Any CPU.ActiveCfg = Debug|Any CPU
		{F98DDDDE-8326-4EF0-B4C0-4C621EFF9B10}.Debug|Any CPU.Build.0 = Debug|Any CPU
		{F98DDDDE-8326-4EF0-B4C0-4C621EFF9B10}.Release|Any CPU.ActiveCfg = Release|Any CPU
		{F98DDDDE-8326-4EF0-B4C0-4C621EFF9B10}.Release|Any CPU.Build.0 = Release|Any CPU
		{D54008A1-F1B8-4732-BE60-E7BA7E775FA5}.Debug|Any CPU.ActiveCfg = Debug|Any CPU
		{D54008A1-F1B8-4732-BE60-E7BA7E775FA5}.Debug|Any CPU.Build.0 = Debug|Any CPU
		{D54008A1-F1B8-4732-BE60-E7BA7E775FA5}.Release|Any CPU.ActiveCfg = Release|Any CPU
		{D54008A1-F1B8-4732-BE60-E7BA7E775FA5}.Release|Any CPU.Build.0 = Release|Any CPU
		{5A2DB98B-D7D9-4885-B256-2BC1DDE8A802}.Debug|Any CPU.ActiveCfg = Debug|Any CPU
		{5A2DB98B-D7D9-4885-B256-2BC1DDE8A802}.Debug|Any CPU.Build.0 = Debug|Any CPU
		{5A2DB98B-D7D9-4885-B256-2BC1DDE8A802}.Release|Any CPU.ActiveCfg = Release|Any CPU
		{5A2DB98B-D7D9-4885-B256-2BC1DDE8A802}.Release|Any CPU.Build.0 = Release|Any CPU
		{DA21EE0E-C849-49A3-AFB1-46227684F0E4}.Debug|Any CPU.ActiveCfg = Debug|Any CPU
		{DA21EE0E-C849-49A3-AFB1-46227684F0E4}.Debug|Any CPU.Build.0 = Debug|Any CPU
		{DA21EE0E-C849-49A3-AFB1-46227684F0E4}.Release|Any CPU.ActiveCfg = Release|Any CPU
		{DA21EE0E-C849-49A3-AFB1-46227684F0E4}.Release|Any CPU.Build.0 = Release|Any CPU
	EndGlobalSection
	GlobalSection(SolutionProperties) = preSolution
		HideSolutionNode = FALSE
	EndGlobalSection
	GlobalSection(ExtensibilityGlobals) = postSolution
		SolutionGuid = {0E2A3704-0A1B-4CC0-B858-3A31744ECF27}
	EndGlobalSection
EndGlobal
