
Microsoft Visual Studio Solution File, Format Version 12.00
# Visual Studio Version 16
VisualStudioVersion = 16.0.32228.343
MinimumVisualStudioVersion = 10.0.40219.1
Project("{FAE04EC0-301F-11D3-BF4B-00C04F79EFBC}") = "Logger", "Logger\Logger.csproj", "{ECF52362-6A79-44D4-B7F7-91D368B014F7}"
EndProject
Project("{9A19103F-16F7-4668-BE54-9A1E7A4F7556}") = "P01.Stream_Progress", "Lab-Skeleton\P01.Stream_Progress\P01.Stream_Progress.csproj", "{D37D4A4D-5843-4CEA-8CE9-FC5786DE780D}"
EndProject
Global
	GlobalSection(SolutionConfigurationPlatforms) = preSolution
		Debug|Any CPU = Debug|Any CPU
		Release|Any CPU = Release|Any CPU
	EndGlobalSection
	GlobalSection(ProjectConfigurationPlatforms) = postSolution
		{ECF52362-6A79-44D4-B7F7-91D368B014F7}.Debug|Any CPU.ActiveCfg = Debug|Any CPU
		{ECF52362-6A79-44D4-B7F7-91D368B014F7}.Debug|Any CPU.Build.0 = Debug|Any CPU
		{ECF52362-6A79-44D4-B7F7-91D368B014F7}.Release|Any CPU.ActiveCfg = Release|Any CPU
		{ECF52362-6A79-44D4-B7F7-91D368B014F7}.Release|Any CPU.Build.0 = Release|Any CPU
		{D37D4A4D-5843-4CEA-8CE9-FC5786DE780D}.Debug|Any CPU.ActiveCfg = Debug|Any CPU
		{D37D4A4D-5843-4CEA-8CE9-FC5786DE780D}.Debug|Any CPU.Build.0 = Debug|Any CPU
		{D37D4A4D-5843-4CEA-8CE9-FC5786DE780D}.Release|Any CPU.ActiveCfg = Release|Any CPU
		{D37D4A4D-5843-4CEA-8CE9-FC5786DE780D}.Release|Any CPU.Build.0 = Release|Any CPU
	EndGlobalSection
	GlobalSection(SolutionProperties) = preSolution
		HideSolutionNode = FALSE
	EndGlobalSection
	GlobalSection(ExtensibilityGlobals) = postSolution
		SolutionGuid = {FD2C87D2-A1D0-45FE-8677-B17B9E87FA9F}
	EndGlobalSection
EndGlobal
