
Microsoft Visual Studio Solution File, Format Version 12.00
# Visual Studio Version 16
VisualStudioVersion = 16.0.32106.194
MinimumVisualStudioVersion = 10.0.40219.1
Project("{FAE04EC0-301F-11D3-BF4B-00C04F79EFBC}") = "01. Blacksmith", "01. Blacksmith\01. Blacksmith.csproj", "{C1A05394-DD02-4F63-AB68-815444327081}"
EndProject
Project("{FAE04EC0-301F-11D3-BF4B-00C04F79EFBC}") = "02. Armory", "02. Armory\02. Armory.csproj", "{44578EB0-C524-4CC7-9F15-D55B261128A2}"
EndProject
Project("{9A19103F-16F7-4668-BE54-9A1E7A4F7556}") = "Drones", "Drones\Drones\Drones.csproj", "{BF95C148-C451-4414-AA47-7C46C85BFEF5}"
EndProject
Global
	GlobalSection(SolutionConfigurationPlatforms) = preSolution
		Debug|Any CPU = Debug|Any CPU
		Release|Any CPU = Release|Any CPU
	EndGlobalSection
	GlobalSection(ProjectConfigurationPlatforms) = postSolution
		{C1A05394-DD02-4F63-AB68-815444327081}.Debug|Any CPU.ActiveCfg = Debug|Any CPU
		{C1A05394-DD02-4F63-AB68-815444327081}.Debug|Any CPU.Build.0 = Debug|Any CPU
		{C1A05394-DD02-4F63-AB68-815444327081}.Release|Any CPU.ActiveCfg = Release|Any CPU
		{C1A05394-DD02-4F63-AB68-815444327081}.Release|Any CPU.Build.0 = Release|Any CPU
		{44578EB0-C524-4CC7-9F15-D55B261128A2}.Debug|Any CPU.ActiveCfg = Debug|Any CPU
		{44578EB0-C524-4CC7-9F15-D55B261128A2}.Debug|Any CPU.Build.0 = Debug|Any CPU
		{44578EB0-C524-4CC7-9F15-D55B261128A2}.Release|Any CPU.ActiveCfg = Release|Any CPU
		{44578EB0-C524-4CC7-9F15-D55B261128A2}.Release|Any CPU.Build.0 = Release|Any CPU
		{BF95C148-C451-4414-AA47-7C46C85BFEF5}.Debug|Any CPU.ActiveCfg = Debug|Any CPU
		{BF95C148-C451-4414-AA47-7C46C85BFEF5}.Debug|Any CPU.Build.0 = Debug|Any CPU
		{BF95C148-C451-4414-AA47-7C46C85BFEF5}.Release|Any CPU.ActiveCfg = Release|Any CPU
		{BF95C148-C451-4414-AA47-7C46C85BFEF5}.Release|Any CPU.Build.0 = Release|Any CPU
	EndGlobalSection
	GlobalSection(SolutionProperties) = preSolution
		HideSolutionNode = FALSE
	EndGlobalSection
	GlobalSection(ExtensibilityGlobals) = postSolution
		SolutionGuid = {2A646F0B-C64F-4821-B36D-E835D491FC0A}
	EndGlobalSection
EndGlobal
