
Microsoft Visual Studio Solution File, Format Version 12.00
# Visual Studio Version 16
VisualStudioVersion = 16.0.32106.194
MinimumVisualStudioVersion = 10.0.40219.1
Project("{9A19103F-16F7-4668-BE54-9A1E7A4F7556}") = "01. Food Finder", "01. Food Finder\01. Food Finder.csproj", "{E6B5998B-06CD-4074-A26C-AF5FE8D0FF63}"
EndProject
Project("{9A19103F-16F7-4668-BE54-9A1E7A4F7556}") = "02. Pawn Wars", "02. Pawn Wars\02. Pawn Wars.csproj", "{4D4F8864-CBEC-4146-8079-0DD7C13666C9}"
EndProject
Project("{9A19103F-16F7-4668-BE54-9A1E7A4F7556}") = "StockMarket", "StockMarket\StockMarket.csproj", "{93502E0D-D864-4BB6-A36A-D4CFA5118F13}"
EndProject
Global
	GlobalSection(SolutionConfigurationPlatforms) = preSolution
		Debug|Any CPU = Debug|Any CPU
		Release|Any CPU = Release|Any CPU
	EndGlobalSection
	GlobalSection(ProjectConfigurationPlatforms) = postSolution
		{E6B5998B-06CD-4074-A26C-AF5FE8D0FF63}.Debug|Any CPU.ActiveCfg = Debug|Any CPU
		{E6B5998B-06CD-4074-A26C-AF5FE8D0FF63}.Debug|Any CPU.Build.0 = Debug|Any CPU
		{E6B5998B-06CD-4074-A26C-AF5FE8D0FF63}.Release|Any CPU.ActiveCfg = Release|Any CPU
		{E6B5998B-06CD-4074-A26C-AF5FE8D0FF63}.Release|Any CPU.Build.0 = Release|Any CPU
		{4D4F8864-CBEC-4146-8079-0DD7C13666C9}.Debug|Any CPU.ActiveCfg = Debug|Any CPU
		{4D4F8864-CBEC-4146-8079-0DD7C13666C9}.Debug|Any CPU.Build.0 = Debug|Any CPU
		{4D4F8864-CBEC-4146-8079-0DD7C13666C9}.Release|Any CPU.ActiveCfg = Release|Any CPU
		{4D4F8864-CBEC-4146-8079-0DD7C13666C9}.Release|Any CPU.Build.0 = Release|Any CPU
		{93502E0D-D864-4BB6-A36A-D4CFA5118F13}.Debug|Any CPU.ActiveCfg = Debug|Any CPU
		{93502E0D-D864-4BB6-A36A-D4CFA5118F13}.Debug|Any CPU.Build.0 = Debug|Any CPU
		{93502E0D-D864-4BB6-A36A-D4CFA5118F13}.Release|Any CPU.ActiveCfg = Release|Any CPU
		{93502E0D-D864-4BB6-A36A-D4CFA5118F13}.Release|Any CPU.Build.0 = Release|Any CPU
	EndGlobalSection
	GlobalSection(SolutionProperties) = preSolution
		HideSolutionNode = FALSE
	EndGlobalSection
	GlobalSection(ExtensibilityGlobals) = postSolution
		SolutionGuid = {58383636-955C-49F6-9667-8C56494F45F7}
	EndGlobalSection
EndGlobal
