
Microsoft Visual Studio Solution File, Format Version 12.00
# Visual Studio Version 16
VisualStudioVersion = 16.0.31624.102
MinimumVisualStudioVersion = 10.0.40219.1
Project("{FAE04EC0-301F-11D3-BF4B-00C04F79EFBC}") = "01. Cooking Masterclass", "01\01. Cooking Masterclass.csproj", "{8CBD78D4-0454-4C1F-AC55-B5AAAF9CE9D3}"
EndProject
Project("{FAE04EC0-301F-11D3-BF4B-00C04F79EFBC}") = "02. Friend List Maintenance", "02\02. Friend List Maintenance.csproj", "{0A176439-BEE2-4097-AE75-C30F8011A0A9}"
EndProject
Project("{FAE04EC0-301F-11D3-BF4B-00C04F79EFBC}") = "03. Deck of Cards", "03\03. Deck of Cards.csproj", "{C5068C4C-3CF1-44A0-832F-20AA790ACD96}"
EndProject
Global
	GlobalSection(SolutionConfigurationPlatforms) = preSolution
		Debug|Any CPU = Debug|Any CPU
		Release|Any CPU = Release|Any CPU
	EndGlobalSection
	GlobalSection(ProjectConfigurationPlatforms) = postSolution
		{8CBD78D4-0454-4C1F-AC55-B5AAAF9CE9D3}.Debug|Any CPU.ActiveCfg = Debug|Any CPU
		{8CBD78D4-0454-4C1F-AC55-B5AAAF9CE9D3}.Debug|Any CPU.Build.0 = Debug|Any CPU
		{8CBD78D4-0454-4C1F-AC55-B5AAAF9CE9D3}.Release|Any CPU.ActiveCfg = Release|Any CPU
		{8CBD78D4-0454-4C1F-AC55-B5AAAF9CE9D3}.Release|Any CPU.Build.0 = Release|Any CPU
		{0A176439-BEE2-4097-AE75-C30F8011A0A9}.Debug|Any CPU.ActiveCfg = Debug|Any CPU
		{0A176439-BEE2-4097-AE75-C30F8011A0A9}.Debug|Any CPU.Build.0 = Debug|Any CPU
		{0A176439-BEE2-4097-AE75-C30F8011A0A9}.Release|Any CPU.ActiveCfg = Release|Any CPU
		{0A176439-BEE2-4097-AE75-C30F8011A0A9}.Release|Any CPU.Build.0 = Release|Any CPU
		{C5068C4C-3CF1-44A0-832F-20AA790ACD96}.Debug|Any CPU.ActiveCfg = Debug|Any CPU
		{C5068C4C-3CF1-44A0-832F-20AA790ACD96}.Debug|Any CPU.Build.0 = Debug|Any CPU
		{C5068C4C-3CF1-44A0-832F-20AA790ACD96}.Release|Any CPU.ActiveCfg = Release|Any CPU
		{C5068C4C-3CF1-44A0-832F-20AA790ACD96}.Release|Any CPU.Build.0 = Release|Any CPU
	EndGlobalSection
	GlobalSection(SolutionProperties) = preSolution
		HideSolutionNode = FALSE
	EndGlobalSection
	GlobalSection(ExtensibilityGlobals) = postSolution
		SolutionGuid = {D1AAD524-402D-4428-B37B-530545B41B62}
	EndGlobalSection
EndGlobal
