
Microsoft Visual Studio Solution File, Format Version 12.00
# Visual Studio Version 16
VisualStudioVersion = 16.0.32126.315
MinimumVisualStudioVersion = 10.0.40219.1
Project("{FAE04EC0-301F-11D3-BF4B-00C04F79EFBC}") = "Operations", "MathPoperation\Operations.csproj", "{FE681788-A0DE-4E2C-B3C2-193719B780F1}"
EndProject
Project("{FAE04EC0-301F-11D3-BF4B-00C04F79EFBC}") = "Animals", "Animals\Animals.csproj", "{083987C4-28F8-44B5-BF18-457630C90E28}"
EndProject
Project("{FAE04EC0-301F-11D3-BF4B-00C04F79EFBC}") = "Shapes", "Shapes\Shapes.csproj", "{2BB75BA1-7EE7-4A23-8123-E35A189C1237}"
EndProject
Global
	GlobalSection(SolutionConfigurationPlatforms) = preSolution
		Debug|Any CPU = Debug|Any CPU
		Release|Any CPU = Release|Any CPU
	EndGlobalSection
	GlobalSection(ProjectConfigurationPlatforms) = postSolution
		{FE681788-A0DE-4E2C-B3C2-193719B780F1}.Debug|Any CPU.ActiveCfg = Debug|Any CPU
		{FE681788-A0DE-4E2C-B3C2-193719B780F1}.Debug|Any CPU.Build.0 = Debug|Any CPU
		{FE681788-A0DE-4E2C-B3C2-193719B780F1}.Release|Any CPU.ActiveCfg = Release|Any CPU
		{FE681788-A0DE-4E2C-B3C2-193719B780F1}.Release|Any CPU.Build.0 = Release|Any CPU
		{083987C4-28F8-44B5-BF18-457630C90E28}.Debug|Any CPU.ActiveCfg = Debug|Any CPU
		{083987C4-28F8-44B5-BF18-457630C90E28}.Debug|Any CPU.Build.0 = Debug|Any CPU
		{083987C4-28F8-44B5-BF18-457630C90E28}.Release|Any CPU.ActiveCfg = Release|Any CPU
		{083987C4-28F8-44B5-BF18-457630C90E28}.Release|Any CPU.Build.0 = Release|Any CPU
		{2BB75BA1-7EE7-4A23-8123-E35A189C1237}.Debug|Any CPU.ActiveCfg = Debug|Any CPU
		{2BB75BA1-7EE7-4A23-8123-E35A189C1237}.Debug|Any CPU.Build.0 = Debug|Any CPU
		{2BB75BA1-7EE7-4A23-8123-E35A189C1237}.Release|Any CPU.ActiveCfg = Release|Any CPU
		{2BB75BA1-7EE7-4A23-8123-E35A189C1237}.Release|Any CPU.Build.0 = Release|Any CPU
	EndGlobalSection
	GlobalSection(SolutionProperties) = preSolution
		HideSolutionNode = FALSE
	EndGlobalSection
	GlobalSection(ExtensibilityGlobals) = postSolution
		SolutionGuid = {1EAD90BE-61B7-46FC-87E8-78787B631C55}
	EndGlobalSection
EndGlobal
