
Microsoft Visual Studio Solution File, Format Version 12.00
# Visual Studio Version 17
VisualStudioVersion = 17.2.32630.192
MinimumVisualStudioVersion = 10.0.40219.1
Project("{FAE04EC0-301F-11D3-BF4B-00C04F79EFBC}") = "RealEstates.ConsoleApplication", "RealEstate.ConsoleApplication\RealEstates.ConsoleApplication.csproj", "{0DCF9FA9-8DFF-4552-BD83-26130709FD4F}"
EndProject
Project("{FAE04EC0-301F-11D3-BF4B-00C04F79EFBC}") = "RealEstates.Importer", "RealEstate.Importer\RealEstates.Importer.csproj", "{D253CC37-4047-4FFE-A93C-3EAD7D7EF5E3}"
EndProject
Project("{FAE04EC0-301F-11D3-BF4B-00C04F79EFBC}") = "RealEstates.Data", "RealEstates.Data\RealEstates.Data.csproj", "{00E4622F-0D99-4203-B34D-C0E4355A0D1B}"
EndProject
Project("{FAE04EC0-301F-11D3-BF4B-00C04F79EFBC}") = "RealEstates.Models", "RealEstates.Models\RealEstates.Models.csproj", "{4DC44A09-9C9A-4A01-A70A-9285BA9F9847}"
EndProject
Project("{FAE04EC0-301F-11D3-BF4B-00C04F79EFBC}") = "RealEstates.Services", "RealEstates.Services\RealEstates.Services.csproj", "{C33BA14D-1F56-4F12-BF5E-750546FBBDB7}"
EndProject
Global
	GlobalSection(SolutionConfigurationPlatforms) = preSolution
		Debug|Any CPU = Debug|Any CPU
		Release|Any CPU = Release|Any CPU
	EndGlobalSection
	GlobalSection(ProjectConfigurationPlatforms) = postSolution
		{0DCF9FA9-8DFF-4552-BD83-26130709FD4F}.Debug|Any CPU.ActiveCfg = Debug|Any CPU
		{0DCF9FA9-8DFF-4552-BD83-26130709FD4F}.Debug|Any CPU.Build.0 = Debug|Any CPU
		{0DCF9FA9-8DFF-4552-BD83-26130709FD4F}.Release|Any CPU.ActiveCfg = Release|Any CPU
		{0DCF9FA9-8DFF-4552-BD83-26130709FD4F}.Release|Any CPU.Build.0 = Release|Any CPU
		{D253CC37-4047-4FFE-A93C-3EAD7D7EF5E3}.Debug|Any CPU.ActiveCfg = Debug|Any CPU
		{D253CC37-4047-4FFE-A93C-3EAD7D7EF5E3}.Debug|Any CPU.Build.0 = Debug|Any CPU
		{D253CC37-4047-4FFE-A93C-3EAD7D7EF5E3}.Release|Any CPU.ActiveCfg = Release|Any CPU
		{D253CC37-4047-4FFE-A93C-3EAD7D7EF5E3}.Release|Any CPU.Build.0 = Release|Any CPU
		{00E4622F-0D99-4203-B34D-C0E4355A0D1B}.Debug|Any CPU.ActiveCfg = Debug|Any CPU
		{00E4622F-0D99-4203-B34D-C0E4355A0D1B}.Debug|Any CPU.Build.0 = Debug|Any CPU
		{00E4622F-0D99-4203-B34D-C0E4355A0D1B}.Release|Any CPU.ActiveCfg = Release|Any CPU
		{00E4622F-0D99-4203-B34D-C0E4355A0D1B}.Release|Any CPU.Build.0 = Release|Any CPU
		{4DC44A09-9C9A-4A01-A70A-9285BA9F9847}.Debug|Any CPU.ActiveCfg = Debug|Any CPU
		{4DC44A09-9C9A-4A01-A70A-9285BA9F9847}.Debug|Any CPU.Build.0 = Debug|Any CPU
		{4DC44A09-9C9A-4A01-A70A-9285BA9F9847}.Release|Any CPU.ActiveCfg = Release|Any CPU
		{4DC44A09-9C9A-4A01-A70A-9285BA9F9847}.Release|Any CPU.Build.0 = Release|Any CPU
		{C33BA14D-1F56-4F12-BF5E-750546FBBDB7}.Debug|Any CPU.ActiveCfg = Debug|Any CPU
		{C33BA14D-1F56-4F12-BF5E-750546FBBDB7}.Debug|Any CPU.Build.0 = Debug|Any CPU
		{C33BA14D-1F56-4F12-BF5E-750546FBBDB7}.Release|Any CPU.ActiveCfg = Release|Any CPU
		{C33BA14D-1F56-4F12-BF5E-750546FBBDB7}.Release|Any CPU.Build.0 = Release|Any CPU
	EndGlobalSection
	GlobalSection(SolutionProperties) = preSolution
		HideSolutionNode = FALSE
	EndGlobalSection
	GlobalSection(ExtensibilityGlobals) = postSolution
		SolutionGuid = {CE70926E-3B62-4153-8501-BAC34741708B}
	EndGlobalSection
EndGlobal
