
Microsoft Visual Studio Solution File, Format Version 12.00
# Visual Studio Version 16
VisualStudioVersion = 16.0.32106.194
MinimumVisualStudioVersion = 10.0.40219.1
Project("{9A19103F-16F7-4668-BE54-9A1E7A4F7556}") = "01. Box", "01. Box\01. Box.csproj", "{922294CD-83DA-4BE3-AC22-984D3BA63990}"
EndProject
Project("{FAE04EC0-301F-11D3-BF4B-00C04F79EFBC}") = "ArrayCreator", "ArrayCreator\ArrayCreator.csproj", "{38DF7CFB-169B-48AA-B61A-A11F1472A214}"
EndProject
Project("{FAE04EC0-301F-11D3-BF4B-00C04F79EFBC}") = "GenericScale", "GenericScale\GenericScale.csproj", "{CD68AF89-3B9C-4CDF-B4AB-13886363A21A}"
EndProject
Global
	GlobalSection(SolutionConfigurationPlatforms) = preSolution
		Debug|Any CPU = Debug|Any CPU
		Release|Any CPU = Release|Any CPU
	EndGlobalSection
	GlobalSection(ProjectConfigurationPlatforms) = postSolution
		{922294CD-83DA-4BE3-AC22-984D3BA63990}.Debug|Any CPU.ActiveCfg = Debug|Any CPU
		{922294CD-83DA-4BE3-AC22-984D3BA63990}.Debug|Any CPU.Build.0 = Debug|Any CPU
		{922294CD-83DA-4BE3-AC22-984D3BA63990}.Release|Any CPU.ActiveCfg = Release|Any CPU
		{922294CD-83DA-4BE3-AC22-984D3BA63990}.Release|Any CPU.Build.0 = Release|Any CPU
		{38DF7CFB-169B-48AA-B61A-A11F1472A214}.Debug|Any CPU.ActiveCfg = Debug|Any CPU
		{38DF7CFB-169B-48AA-B61A-A11F1472A214}.Debug|Any CPU.Build.0 = Debug|Any CPU
		{38DF7CFB-169B-48AA-B61A-A11F1472A214}.Release|Any CPU.ActiveCfg = Release|Any CPU
		{38DF7CFB-169B-48AA-B61A-A11F1472A214}.Release|Any CPU.Build.0 = Release|Any CPU
		{CD68AF89-3B9C-4CDF-B4AB-13886363A21A}.Debug|Any CPU.ActiveCfg = Debug|Any CPU
		{CD68AF89-3B9C-4CDF-B4AB-13886363A21A}.Debug|Any CPU.Build.0 = Debug|Any CPU
		{CD68AF89-3B9C-4CDF-B4AB-13886363A21A}.Release|Any CPU.ActiveCfg = Release|Any CPU
		{CD68AF89-3B9C-4CDF-B4AB-13886363A21A}.Release|Any CPU.Build.0 = Release|Any CPU
	EndGlobalSection
	GlobalSection(SolutionProperties) = preSolution
		HideSolutionNode = FALSE
	EndGlobalSection
	GlobalSection(ExtensibilityGlobals) = postSolution
		SolutionGuid = {D3D1142D-188A-4462-A917-A5CD560986A5}
	EndGlobalSection
EndGlobal
