
Microsoft Visual Studio Solution File, Format Version 12.00
# Visual Studio Version 16
VisualStudioVersion = 16.0.32228.343
MinimumVisualStudioVersion = 10.0.40219.1
Project("{9A19103F-16F7-4668-BE54-9A1E7A4F7556}") = "Presents", "Exam 180421\Presents\Presents.csproj", "{7748439A-14D0-4450-8D7A-2133FE5356F1}"
EndProject
Project("{9A19103F-16F7-4668-BE54-9A1E7A4F7556}") = "Presents.Tests", "Exam 180421\Presents.Tests\Presents.Tests.csproj", "{2144B5EE-9419-4E26-AEF8-63D35A714D8F}"
EndProject
Project("{9A19103F-16F7-4668-BE54-9A1E7A4F7556}") = "Easter", "Exam 180421\Easter\Easter.csproj", "{38FDFC1F-6D04-4F4D-83C4-2641B6FD5E59}"
EndProject
Global
	GlobalSection(SolutionConfigurationPlatforms) = preSolution
		Debug|Any CPU = Debug|Any CPU
		Release|Any CPU = Release|Any CPU
	EndGlobalSection
	GlobalSection(ProjectConfigurationPlatforms) = postSolution
		{7748439A-14D0-4450-8D7A-2133FE5356F1}.Debug|Any CPU.ActiveCfg = Debug|Any CPU
		{7748439A-14D0-4450-8D7A-2133FE5356F1}.Debug|Any CPU.Build.0 = Debug|Any CPU
		{7748439A-14D0-4450-8D7A-2133FE5356F1}.Release|Any CPU.ActiveCfg = Release|Any CPU
		{7748439A-14D0-4450-8D7A-2133FE5356F1}.Release|Any CPU.Build.0 = Release|Any CPU
		{2144B5EE-9419-4E26-AEF8-63D35A714D8F}.Debug|Any CPU.ActiveCfg = Debug|Any CPU
		{2144B5EE-9419-4E26-AEF8-63D35A714D8F}.Debug|Any CPU.Build.0 = Debug|Any CPU
		{2144B5EE-9419-4E26-AEF8-63D35A714D8F}.Release|Any CPU.ActiveCfg = Release|Any CPU
		{2144B5EE-9419-4E26-AEF8-63D35A714D8F}.Release|Any CPU.Build.0 = Release|Any CPU
		{38FDFC1F-6D04-4F4D-83C4-2641B6FD5E59}.Debug|Any CPU.ActiveCfg = Debug|Any CPU
		{38FDFC1F-6D04-4F4D-83C4-2641B6FD5E59}.Debug|Any CPU.Build.0 = Debug|Any CPU
		{38FDFC1F-6D04-4F4D-83C4-2641B6FD5E59}.Release|Any CPU.ActiveCfg = Release|Any CPU
		{38FDFC1F-6D04-4F4D-83C4-2641B6FD5E59}.Release|Any CPU.Build.0 = Release|Any CPU
	EndGlobalSection
	GlobalSection(SolutionProperties) = preSolution
		HideSolutionNode = FALSE
	EndGlobalSection
	GlobalSection(ExtensibilityGlobals) = postSolution
		SolutionGuid = {B85A5191-99CF-4ECE-BD73-CDCF0DE5A2FF}
	EndGlobalSection
EndGlobal
